
Microsoft Visual Studio Solution File, Format Version 12.00
# Visual Studio Version 17
VisualStudioVersion = 17.9.34728.123
MinimumVisualStudioVersion = 10.0.40219.1
Project("{FAE04EC0-301F-11D3-BF4B-00C04F79EFBC}") = "ProjectPRN232", "ProjectPRN232\ProjectPRN232.csproj", "{0B91E275-89B6-42AB-B9FB-3742B6380FB7}"
EndProject
Global
	GlobalSection(SolutionConfigurationPlatforms) = preSolution
		Debug|Any CPU = Debug|Any CPU
		Release|Any CPU = Release|Any CPU
	EndGlobalSection
	GlobalSection(ProjectConfigurationPlatforms) = postSolution
		{0B91E275-89B6-42AB-B9FB-3742B6380FB7}.Debug|Any CPU.ActiveCfg = Debug|Any CPU
		{0B91E275-89B6-42AB-B9FB-3742B6380FB7}.Debug|Any CPU.Build.0 = Debug|Any CPU
		{0B91E275-89B6-42AB-B9FB-3742B6380FB7}.Release|Any CPU.ActiveCfg = Release|Any CPU
		{0B91E275-89B6-42AB-B9FB-3742B6380FB7}.Release|Any CPU.Build.0 = Release|Any CPU
	EndGlobalSection
	GlobalSection(SolutionProperties) = preSolution
		HideSolutionNode = FALSE
	EndGlobalSection
	GlobalSection(ExtensibilityGlobals) = postSolution
		SolutionGuid = {C303749F-48FA-442E-925C-679126F2BB75}
	EndGlobalSection
EndGlobal
